
Microsoft Visual Studio Solution File, Format Version 12.00
# Visual Studio 14
VisualStudioVersion = 14.0.23107.0
MinimumVisualStudioVersion = 10.0.40219.1
Project("{FAE04EC0-301F-11D3-BF4B-00C04F79EFBC}") = "FileExplorer.Scripting", "FileExplorer.Scripting\FileExplorer.Scripting.csproj", "{F77EA24E-F7A8-417F-B6FF-87BB9262079C}"
EndProject
Project("{FAE04EC0-301F-11D3-BF4B-00C04F79EFBC}") = "UnitTest.uiScripting", "UnitTest.uiScripting\UnitTest.uiScripting.csproj", "{A4433211-194D-4132-98C6-6CD70530B244}"
EndProject
Global
	GlobalSection(SolutionConfigurationPlatforms) = preSolution
		Debug|Any CPU = Debug|Any CPU
		Debug|ARM = Debug|ARM
		Debug|x64 = Debug|x64
		Debug|x86 = Debug|x86
		Release|Any CPU = Release|Any CPU
		Release|ARM = Release|ARM
		Release|x64 = Release|x64
		Release|x86 = Release|x86
	EndGlobalSection
	GlobalSection(ProjectConfigurationPlatforms) = postSolution
		{F77EA24E-F7A8-417F-B6FF-87BB9262079C}.Debug|Any CPU.ActiveCfg = Debug|Any CPU
		{F77EA24E-F7A8-417F-B6FF-87BB9262079C}.Debug|Any CPU.Build.0 = Debug|Any CPU
		{F77EA24E-F7A8-417F-B6FF-87BB9262079C}.Debug|ARM.ActiveCfg = Debug|ARM
		{F77EA24E-F7A8-417F-B6FF-87BB9262079C}.Debug|ARM.Build.0 = Debug|ARM
		{F77EA24E-F7A8-417F-B6FF-87BB9262079C}.Debug|x64.ActiveCfg = Debug|x64
		{F77EA24E-F7A8-417F-B6FF-87BB9262079C}.Debug|x64.Build.0 = Debug|x64
		{F77EA24E-F7A8-417F-B6FF-87BB9262079C}.Debug|x86.ActiveCfg = Debug|x86
		{F77EA24E-F7A8-417F-B6FF-87BB9262079C}.Debug|x86.Build.0 = Debug|x86
		{F77EA24E-F7A8-417F-B6FF-87BB9262079C}.Release|Any CPU.ActiveCfg = Release|Any CPU
		{F77EA24E-F7A8-417F-B6FF-87BB9262079C}.Release|Any CPU.Build.0 = Release|Any CPU
		{F77EA24E-F7A8-417F-B6FF-87BB9262079C}.Release|ARM.ActiveCfg = Release|ARM
		{F77EA24E-F7A8-417F-B6FF-87BB9262079C}.Release|ARM.Build.0 = Release|ARM
		{F77EA24E-F7A8-417F-B6FF-87BB9262079C}.Release|x64.ActiveCfg = Release|x64
		{F77EA24E-F7A8-417F-B6FF-87BB9262079C}.Release|x64.Build.0 = Release|x64
		{F77EA24E-F7A8-417F-B6FF-87BB9262079C}.Release|x86.ActiveCfg = Release|x86
		{F77EA24E-F7A8-417F-B6FF-87BB9262079C}.Release|x86.Build.0 = Release|x86
		{A4433211-194D-4132-98C6-6CD70530B244}.Debug|Any CPU.ActiveCfg = Debug|x86
		{A4433211-194D-4132-98C6-6CD70530B244}.Debug|ARM.ActiveCfg = Debug|ARM
		{A4433211-194D-4132-98C6-6CD70530B244}.Debug|ARM.Build.0 = Debug|ARM
		{A4433211-194D-4132-98C6-6CD70530B244}.Debug|ARM.Deploy.0 = Debug|ARM
		{A4433211-194D-4132-98C6-6CD70530B244}.Debug|x64.ActiveCfg = Debug|x64
		{A4433211-194D-4132-98C6-6CD70530B244}.Debug|x64.Build.0 = Debug|x64
		{A4433211-194D-4132-98C6-6CD70530B244}.Debug|x64.Deploy.0 = Debug|x64
		{A4433211-194D-4132-98C6-6CD70530B244}.Debug|x86.ActiveCfg = Debug|x86
		{A4433211-194D-4132-98C6-6CD70530B244}.Debug|x86.Build.0 = Debug|x86
		{A4433211-194D-4132-98C6-6CD70530B244}.Debug|x86.Deploy.0 = Debug|x86
		{A4433211-194D-4132-98C6-6CD70530B244}.Release|Any CPU.ActiveCfg = Release|x86
		{A4433211-194D-4132-98C6-6CD70530B244}.Release|ARM.ActiveCfg = Release|ARM
		{A4433211-194D-4132-98C6-6CD70530B244}.Release|ARM.Build.0 = Release|ARM
		{A4433211-194D-4132-98C6-6CD70530B244}.Release|ARM.Deploy.0 = Release|ARM
		{A4433211-194D-4132-98C6-6CD70530B244}.Release|x64.ActiveCfg = Release|x64
		{A4433211-194D-4132-98C6-6CD70530B244}.Release|x64.Build.0 = Release|x64
		{A4433211-194D-4132-98C6-6CD70530B244}.Release|x64.Deploy.0 = Release|x64
		{A4433211-194D-4132-98C6-6CD70530B244}.Release|x86.ActiveCfg = Release|x86
		{A4433211-194D-4132-98C6-6CD70530B244}.Release|x86.Build.0 = Release|x86
		{A4433211-194D-4132-98C6-6CD70530B244}.Release|x86.Deploy.0 = Release|x86
	EndGlobalSection
	GlobalSection(SolutionProperties) = preSolution
		HideSolutionNode = FALSE
	EndGlobalSection
EndGlobal
