
Microsoft Visual Studio Solution File, Format Version 12.00
# Visual Studio 2013
VisualStudioVersion = 12.0.31101.0
MinimumVisualStudioVersion = 10.0.40219.1
Project("{2150E333-8FDC-42A3-9474-1A3956D46DE8}") = ".nuget", ".nuget", "{7A89CE04-7F53-45C4-9E8D-19DA48C3C2F5}"
	ProjectSection(SolutionItems) = preProject
		.nuget\NuGet.Config = .nuget\NuGet.Config
		.nuget\NuGet.exe = .nuget\NuGet.exe
		.nuget\NuGet.targets = .nuget\NuGet.targets
	EndProjectSection
EndProject
Project("{FAE04EC0-301F-11D3-BF4B-00C04F79EFBC}") = "FileExplorer.Scripting", "FileExplorer.Scripting\FileExplorer.Scripting.csproj", "{ECABBC13-1922-4500-908B-CD865E91E4C5}"
EndProject
Project("{FAE04EC0-301F-11D3-BF4B-00C04F79EFBC}") = "Test_DynamicRelayCommandDictionary", "Test_DynamicRelayCommandDictionary\Test_DynamicRelayCommandDictionary.csproj", "{F2918154-DEBB-4062-8E74-848E675153C6}"
EndProject
Project("{FAE04EC0-301F-11D3-BF4B-00C04F79EFBC}") = "FileExplorer.Scripting [WPF]", "FileExplorer.Scripting\FileExplorer.Scripting [WPF].csproj", "{45B4C0ED-A35E-4B0B-8C78-9A1D48F7527A}"
EndProject
Project("{2150E333-8FDC-42A3-9474-1A3956D46DE8}") = "Portable Libraries (VSPro)", "Portable Libraries (VSPro)", "{0B0376D9-FC00-4CC8-AACA-5518762FE489}"
EndProject
Project("{2150E333-8FDC-42A3-9474-1A3956D46DE8}") = "WPFOnly Libraries (VSExpress)", "WPFOnly Libraries (VSExpress)", "{8BCD06D8-D2C0-4579-BD13-643E5738DC9B}"
EndProject
Project("{2150E333-8FDC-42A3-9474-1A3956D46DE8}") = "Test Projects", "Test Projects", "{D622EB0C-6628-47E5-AA41-7B14E121B64B}"
EndProject
Project("{FAE04EC0-301F-11D3-BF4B-00C04F79EFBC}") = "Test_DiagramingDemo", "Test_DiagramingDemo\Test_DiagramingDemo.csproj", "{978CAC3B-5577-42A9-8E39-31E318F8580A}"
EndProject
Project("{FAE04EC0-301F-11D3-BF4B-00C04F79EFBC}") = "FileExplorer.UIEventHub", "FileExplorer.UIEventHub\FileExplorer.UIEventHub.csproj", "{528F0C1A-38B5-4A42-A8BD-702F052CDF2F}"
EndProject
Project("{FAE04EC0-301F-11D3-BF4B-00C04F79EFBC}") = "Test_ShellDragDemo", "Test_ShellDragDemo\Test_ShellDragDemo.csproj", "{ED896C59-0189-481B-A5FA-FDFA8BA1AA86}"
EndProject
Project("{FAE04EC0-301F-11D3-BF4B-00C04F79EFBC}") = "Test_TabDragDemo", "Test_TabDragDemo\Test_TabDragDemo.csproj", "{2CBC4CE6-3B17-4E22-ABD9-98499C9D94E6}"
EndProject
Project("{FAE04EC0-301F-11D3-BF4B-00C04F79EFBC}") = "Test_NonShellDragDemo", "Test_NonShellDragDemo\Test_NonShellDragDemo.csproj", "{DE13A158-F5C2-45AF-8935-6BB72722E50E}"
EndProject
Project("{FAE04EC0-301F-11D3-BF4B-00C04F79EFBC}") = "Test_InputProcessor", "Test_InputProcessor\Test_InputProcessor.csproj", "{086C5072-FFB3-4AA9-96A7-54D0AAA8693D}"
EndProject
Project("{FAE04EC0-301F-11D3-BF4B-00C04F79EFBC}") = "FileExplorer.WPF.Panels", "FileExplorer.WPF.Panels\FileExplorer.WPF.Panels.csproj", "{FEDDCF20-7C57-4A59-B101-CE927F01A6BD}"
EndProject
Project("{FAE04EC0-301F-11D3-BF4B-00C04F79EFBC}") = "Test_IOCPanelTest", "Test_IOCPanelTest\Test_IOCPanelTest.csproj", "{6C1D679A-1730-439E-9A35-ADC3D6EE9084}"
EndProject
Global
	GlobalSection(SolutionConfigurationPlatforms) = preSolution
		Debug|Any CPU = Debug|Any CPU
		Debug|ARM = Debug|ARM
		Debug|x64 = Debug|x64
		Debug|x86 = Debug|x86
		Release|Any CPU = Release|Any CPU
		Release|ARM = Release|ARM
		Release|x64 = Release|x64
		Release|x86 = Release|x86
	EndGlobalSection
	GlobalSection(ProjectConfigurationPlatforms) = postSolution
		{ECABBC13-1922-4500-908B-CD865E91E4C5}.Debug|Any CPU.ActiveCfg = Debug|Any CPU
		{ECABBC13-1922-4500-908B-CD865E91E4C5}.Debug|Any CPU.Build.0 = Debug|Any CPU
		{ECABBC13-1922-4500-908B-CD865E91E4C5}.Debug|ARM.ActiveCfg = Debug|Any CPU
		{ECABBC13-1922-4500-908B-CD865E91E4C5}.Debug|x64.ActiveCfg = Debug|Any CPU
		{ECABBC13-1922-4500-908B-CD865E91E4C5}.Debug|x86.ActiveCfg = Debug|Any CPU
		{ECABBC13-1922-4500-908B-CD865E91E4C5}.Release|Any CPU.ActiveCfg = Release|Any CPU
		{ECABBC13-1922-4500-908B-CD865E91E4C5}.Release|Any CPU.Build.0 = Release|Any CPU
		{ECABBC13-1922-4500-908B-CD865E91E4C5}.Release|ARM.ActiveCfg = Release|Any CPU
		{ECABBC13-1922-4500-908B-CD865E91E4C5}.Release|x64.ActiveCfg = Release|Any CPU
		{ECABBC13-1922-4500-908B-CD865E91E4C5}.Release|x86.ActiveCfg = Release|Any CPU
		{F2918154-DEBB-4062-8E74-848E675153C6}.Debug|Any CPU.ActiveCfg = Debug|Any CPU
		{F2918154-DEBB-4062-8E74-848E675153C6}.Debug|Any CPU.Build.0 = Debug|Any CPU
		{F2918154-DEBB-4062-8E74-848E675153C6}.Debug|ARM.ActiveCfg = Debug|Any CPU
		{F2918154-DEBB-4062-8E74-848E675153C6}.Debug|x64.ActiveCfg = Debug|Any CPU
		{F2918154-DEBB-4062-8E74-848E675153C6}.Debug|x86.ActiveCfg = Debug|Any CPU
		{F2918154-DEBB-4062-8E74-848E675153C6}.Release|Any CPU.ActiveCfg = Release|Any CPU
		{F2918154-DEBB-4062-8E74-848E675153C6}.Release|Any CPU.Build.0 = Release|Any CPU
		{F2918154-DEBB-4062-8E74-848E675153C6}.Release|ARM.ActiveCfg = Release|Any CPU
		{F2918154-DEBB-4062-8E74-848E675153C6}.Release|x64.ActiveCfg = Release|Any CPU
		{F2918154-DEBB-4062-8E74-848E675153C6}.Release|x86.ActiveCfg = Release|Any CPU
		{45B4C0ED-A35E-4B0B-8C78-9A1D48F7527A}.Debug|Any CPU.ActiveCfg = Debug|Any CPU
		{45B4C0ED-A35E-4B0B-8C78-9A1D48F7527A}.Debug|Any CPU.Build.0 = Debug|Any CPU
		{45B4C0ED-A35E-4B0B-8C78-9A1D48F7527A}.Debug|ARM.ActiveCfg = Debug|Any CPU
		{45B4C0ED-A35E-4B0B-8C78-9A1D48F7527A}.Debug|x64.ActiveCfg = Debug|Any CPU
		{45B4C0ED-A35E-4B0B-8C78-9A1D48F7527A}.Debug|x86.ActiveCfg = Debug|Any CPU
		{45B4C0ED-A35E-4B0B-8C78-9A1D48F7527A}.Release|Any CPU.ActiveCfg = Release|Any CPU
		{45B4C0ED-A35E-4B0B-8C78-9A1D48F7527A}.Release|Any CPU.Build.0 = Release|Any CPU
		{45B4C0ED-A35E-4B0B-8C78-9A1D48F7527A}.Release|ARM.ActiveCfg = Release|Any CPU
		{45B4C0ED-A35E-4B0B-8C78-9A1D48F7527A}.Release|x64.ActiveCfg = Release|Any CPU
		{45B4C0ED-A35E-4B0B-8C78-9A1D48F7527A}.Release|x86.ActiveCfg = Release|Any CPU
		{978CAC3B-5577-42A9-8E39-31E318F8580A}.Debug|Any CPU.ActiveCfg = Debug|Any CPU
		{978CAC3B-5577-42A9-8E39-31E318F8580A}.Debug|Any CPU.Build.0 = Debug|Any CPU
		{978CAC3B-5577-42A9-8E39-31E318F8580A}.Debug|ARM.ActiveCfg = Debug|Any CPU
		{978CAC3B-5577-42A9-8E39-31E318F8580A}.Debug|x64.ActiveCfg = Debug|Any CPU
		{978CAC3B-5577-42A9-8E39-31E318F8580A}.Debug|x86.ActiveCfg = Debug|Any CPU
		{978CAC3B-5577-42A9-8E39-31E318F8580A}.Release|Any CPU.ActiveCfg = Release|Any CPU
		{978CAC3B-5577-42A9-8E39-31E318F8580A}.Release|Any CPU.Build.0 = Release|Any CPU
		{978CAC3B-5577-42A9-8E39-31E318F8580A}.Release|ARM.ActiveCfg = Release|Any CPU
		{978CAC3B-5577-42A9-8E39-31E318F8580A}.Release|x64.ActiveCfg = Release|Any CPU
		{978CAC3B-5577-42A9-8E39-31E318F8580A}.Release|x86.ActiveCfg = Release|Any CPU
		{528F0C1A-38B5-4A42-A8BD-702F052CDF2F}.Debug|Any CPU.ActiveCfg = Debug|Any CPU
		{528F0C1A-38B5-4A42-A8BD-702F052CDF2F}.Debug|Any CPU.Build.0 = Debug|Any CPU
		{528F0C1A-38B5-4A42-A8BD-702F052CDF2F}.Debug|ARM.ActiveCfg = Debug|Any CPU
		{528F0C1A-38B5-4A42-A8BD-702F052CDF2F}.Debug|x64.ActiveCfg = Debug|Any CPU
		{528F0C1A-38B5-4A42-A8BD-702F052CDF2F}.Debug|x86.ActiveCfg = Debug|Any CPU
		{528F0C1A-38B5-4A42-A8BD-702F052CDF2F}.Release|Any CPU.ActiveCfg = Release|Any CPU
		{528F0C1A-38B5-4A42-A8BD-702F052CDF2F}.Release|Any CPU.Build.0 = Release|Any CPU
		{528F0C1A-38B5-4A42-A8BD-702F052CDF2F}.Release|ARM.ActiveCfg = Release|Any CPU
		{528F0C1A-38B5-4A42-A8BD-702F052CDF2F}.Release|x64.ActiveCfg = Release|Any CPU
		{528F0C1A-38B5-4A42-A8BD-702F052CDF2F}.Release|x86.ActiveCfg = Release|Any CPU
		{ED896C59-0189-481B-A5FA-FDFA8BA1AA86}.Debug|Any CPU.ActiveCfg = Debug|Any CPU
		{ED896C59-0189-481B-A5FA-FDFA8BA1AA86}.Debug|Any CPU.Build.0 = Debug|Any CPU
		{ED896C59-0189-481B-A5FA-FDFA8BA1AA86}.Debug|ARM.ActiveCfg = Debug|Any CPU
		{ED896C59-0189-481B-A5FA-FDFA8BA1AA86}.Debug|x64.ActiveCfg = Debug|Any CPU
		{ED896C59-0189-481B-A5FA-FDFA8BA1AA86}.Debug|x86.ActiveCfg = Debug|Any CPU
		{ED896C59-0189-481B-A5FA-FDFA8BA1AA86}.Release|Any CPU.ActiveCfg = Release|Any CPU
		{ED896C59-0189-481B-A5FA-FDFA8BA1AA86}.Release|Any CPU.Build.0 = Release|Any CPU
		{ED896C59-0189-481B-A5FA-FDFA8BA1AA86}.Release|ARM.ActiveCfg = Release|Any CPU
		{ED896C59-0189-481B-A5FA-FDFA8BA1AA86}.Release|x64.ActiveCfg = Release|Any CPU
		{ED896C59-0189-481B-A5FA-FDFA8BA1AA86}.Release|x86.ActiveCfg = Release|Any CPU
		{2CBC4CE6-3B17-4E22-ABD9-98499C9D94E6}.Debug|Any CPU.ActiveCfg = Debug|Any CPU
		{2CBC4CE6-3B17-4E22-ABD9-98499C9D94E6}.Debug|Any CPU.Build.0 = Debug|Any CPU
		{2CBC4CE6-3B17-4E22-ABD9-98499C9D94E6}.Debug|ARM.ActiveCfg = Debug|Any CPU
		{2CBC4CE6-3B17-4E22-ABD9-98499C9D94E6}.Debug|x64.ActiveCfg = Debug|Any CPU
		{2CBC4CE6-3B17-4E22-ABD9-98499C9D94E6}.Debug|x86.ActiveCfg = Debug|Any CPU
		{2CBC4CE6-3B17-4E22-ABD9-98499C9D94E6}.Release|Any CPU.ActiveCfg = Release|Any CPU
		{2CBC4CE6-3B17-4E22-ABD9-98499C9D94E6}.Release|Any CPU.Build.0 = Release|Any CPU
		{2CBC4CE6-3B17-4E22-ABD9-98499C9D94E6}.Release|ARM.ActiveCfg = Release|Any CPU
		{2CBC4CE6-3B17-4E22-ABD9-98499C9D94E6}.Release|x64.ActiveCfg = Release|Any CPU
		{2CBC4CE6-3B17-4E22-ABD9-98499C9D94E6}.Release|x86.ActiveCfg = Release|Any CPU
		{DE13A158-F5C2-45AF-8935-6BB72722E50E}.Debug|Any CPU.ActiveCfg = Debug|Any CPU
		{DE13A158-F5C2-45AF-8935-6BB72722E50E}.Debug|Any CPU.Build.0 = Debug|Any CPU
		{DE13A158-F5C2-45AF-8935-6BB72722E50E}.Debug|ARM.ActiveCfg = Debug|Any CPU
		{DE13A158-F5C2-45AF-8935-6BB72722E50E}.Debug|x64.ActiveCfg = Debug|Any CPU
		{DE13A158-F5C2-45AF-8935-6BB72722E50E}.Debug|x86.ActiveCfg = Debug|Any CPU
		{DE13A158-F5C2-45AF-8935-6BB72722E50E}.Release|Any CPU.ActiveCfg = Release|Any CPU
		{DE13A158-F5C2-45AF-8935-6BB72722E50E}.Release|Any CPU.Build.0 = Release|Any CPU
		{DE13A158-F5C2-45AF-8935-6BB72722E50E}.Release|ARM.ActiveCfg = Release|Any CPU
		{DE13A158-F5C2-45AF-8935-6BB72722E50E}.Release|x64.ActiveCfg = Release|Any CPU
		{DE13A158-F5C2-45AF-8935-6BB72722E50E}.Release|x86.ActiveCfg = Release|Any CPU
		{086C5072-FFB3-4AA9-96A7-54D0AAA8693D}.Debug|Any CPU.ActiveCfg = Debug|Any CPU
		{086C5072-FFB3-4AA9-96A7-54D0AAA8693D}.Debug|Any CPU.Build.0 = Debug|Any CPU
		{086C5072-FFB3-4AA9-96A7-54D0AAA8693D}.Debug|ARM.ActiveCfg = Debug|Any CPU
		{086C5072-FFB3-4AA9-96A7-54D0AAA8693D}.Debug|x64.ActiveCfg = Debug|Any CPU
		{086C5072-FFB3-4AA9-96A7-54D0AAA8693D}.Debug|x86.ActiveCfg = Debug|Any CPU
		{086C5072-FFB3-4AA9-96A7-54D0AAA8693D}.Release|Any CPU.ActiveCfg = Release|Any CPU
		{086C5072-FFB3-4AA9-96A7-54D0AAA8693D}.Release|Any CPU.Build.0 = Release|Any CPU
		{086C5072-FFB3-4AA9-96A7-54D0AAA8693D}.Release|ARM.ActiveCfg = Release|Any CPU
		{086C5072-FFB3-4AA9-96A7-54D0AAA8693D}.Release|x64.ActiveCfg = Release|Any CPU
		{086C5072-FFB3-4AA9-96A7-54D0AAA8693D}.Release|x86.ActiveCfg = Release|Any CPU
		{FEDDCF20-7C57-4A59-B101-CE927F01A6BD}.Debug|Any CPU.ActiveCfg = Debug|Any CPU
		{FEDDCF20-7C57-4A59-B101-CE927F01A6BD}.Debug|Any CPU.Build.0 = Debug|Any CPU
		{FEDDCF20-7C57-4A59-B101-CE927F01A6BD}.Debug|ARM.ActiveCfg = Debug|Any CPU
		{FEDDCF20-7C57-4A59-B101-CE927F01A6BD}.Debug|x64.ActiveCfg = Debug|Any CPU
		{FEDDCF20-7C57-4A59-B101-CE927F01A6BD}.Debug|x86.ActiveCfg = Debug|Any CPU
		{FEDDCF20-7C57-4A59-B101-CE927F01A6BD}.Release|Any CPU.ActiveCfg = Release|Any CPU
		{FEDDCF20-7C57-4A59-B101-CE927F01A6BD}.Release|Any CPU.Build.0 = Release|Any CPU
		{FEDDCF20-7C57-4A59-B101-CE927F01A6BD}.Release|ARM.ActiveCfg = Release|Any CPU
		{FEDDCF20-7C57-4A59-B101-CE927F01A6BD}.Release|x64.ActiveCfg = Release|Any CPU
		{FEDDCF20-7C57-4A59-B101-CE927F01A6BD}.Release|x86.ActiveCfg = Release|Any CPU
		{6C1D679A-1730-439E-9A35-ADC3D6EE9084}.Debug|Any CPU.ActiveCfg = Debug|Any CPU
		{6C1D679A-1730-439E-9A35-ADC3D6EE9084}.Debug|Any CPU.Build.0 = Debug|Any CPU
		{6C1D679A-1730-439E-9A35-ADC3D6EE9084}.Debug|ARM.ActiveCfg = Debug|Any CPU
		{6C1D679A-1730-439E-9A35-ADC3D6EE9084}.Debug|x64.ActiveCfg = Debug|Any CPU
		{6C1D679A-1730-439E-9A35-ADC3D6EE9084}.Debug|x86.ActiveCfg = Debug|Any CPU
		{6C1D679A-1730-439E-9A35-ADC3D6EE9084}.Release|Any CPU.ActiveCfg = Release|Any CPU
		{6C1D679A-1730-439E-9A35-ADC3D6EE9084}.Release|Any CPU.Build.0 = Release|Any CPU
		{6C1D679A-1730-439E-9A35-ADC3D6EE9084}.Release|ARM.ActiveCfg = Release|Any CPU
		{6C1D679A-1730-439E-9A35-ADC3D6EE9084}.Release|x64.ActiveCfg = Release|Any CPU
		{6C1D679A-1730-439E-9A35-ADC3D6EE9084}.Release|x86.ActiveCfg = Release|Any CPU
	EndGlobalSection
	GlobalSection(SolutionProperties) = preSolution
		HideSolutionNode = FALSE
	EndGlobalSection
	GlobalSection(NestedProjects) = preSolution
		{ECABBC13-1922-4500-908B-CD865E91E4C5} = {0B0376D9-FC00-4CC8-AACA-5518762FE489}
		{F2918154-DEBB-4062-8E74-848E675153C6} = {D622EB0C-6628-47E5-AA41-7B14E121B64B}
		{45B4C0ED-A35E-4B0B-8C78-9A1D48F7527A} = {8BCD06D8-D2C0-4579-BD13-643E5738DC9B}
		{978CAC3B-5577-42A9-8E39-31E318F8580A} = {D622EB0C-6628-47E5-AA41-7B14E121B64B}
		{ED896C59-0189-481B-A5FA-FDFA8BA1AA86} = {D622EB0C-6628-47E5-AA41-7B14E121B64B}
		{2CBC4CE6-3B17-4E22-ABD9-98499C9D94E6} = {D622EB0C-6628-47E5-AA41-7B14E121B64B}
		{DE13A158-F5C2-45AF-8935-6BB72722E50E} = {D622EB0C-6628-47E5-AA41-7B14E121B64B}
		{086C5072-FFB3-4AA9-96A7-54D0AAA8693D} = {D622EB0C-6628-47E5-AA41-7B14E121B64B}
		{6C1D679A-1730-439E-9A35-ADC3D6EE9084} = {D622EB0C-6628-47E5-AA41-7B14E121B64B}
	EndGlobalSection
EndGlobal
