
Microsoft Visual Studio Solution File, Format Version 12.00
# Visual Studio 2013
VisualStudioVersion = 12.0.31101.0
MinimumVisualStudioVersion = 10.0.40219.1
Project("{2150E333-8FDC-42A3-9474-1A3956D46DE8}") = ".nuget", ".nuget", "{7A89CE04-7F53-45C4-9E8D-19DA48C3C2F5}"
	ProjectSection(SolutionItems) = preProject
		.nuget\NuGet.Config = .nuget\NuGet.Config
		.nuget\NuGet.exe = .nuget\NuGet.exe
		.nuget\NuGet.targets = .nuget\NuGet.targets
	EndProjectSection
EndProject
Project("{FAE04EC0-301F-11D3-BF4B-00C04F79EFBC}") = "FileExplorer3.IO", "FileExplorer3.IO\FileExplorer3.IO.csproj", "{BCBCAF38-714A-40E4-87EF-F6CF63DD62AA}"
EndProject
Project("{FAE04EC0-301F-11D3-BF4B-00C04F79EFBC}") = "FileExplorer3.WPF", "FileExplorer3.WPF\FileExplorer3.WPF.csproj", "{78B3E601-2449-4600-AF48-94AC53FBEE22}"
EndProject
Project("{FAE04EC0-301F-11D3-BF4B-00C04F79EFBC}") = "FileExplorer3", "FileExplorer3\FileExplorer3.csproj", "{BD72B62F-6BCF-43D0-AD6A-332DECFAE4ED}"
EndProject
Project("{FAE04EC0-301F-11D3-BF4B-00C04F79EFBC}") = "FontToBitmap", "FontToBitmap\FontToBitmap.csproj", "{A314B99E-4C36-490E-AFA4-6B2001602F30}"
EndProject
Project("{FAE04EC0-301F-11D3-BF4B-00C04F79EFBC}") = "TestApp.WPF", "TestApp.WPF\TestApp.WPF.csproj", "{AF3975B1-5F04-44FA-8A6E-2CD5A429C2B1}"
EndProject
Project("{FAE04EC0-301F-11D3-BF4B-00C04F79EFBC}") = "TestTemplate.WPF", "TestTemplate.WPF\TestTemplate.WPF.csproj", "{9C1FBD8B-3C88-4BC0-B830-93F83A8685E9}"
EndProject
Project("{FAE04EC0-301F-11D3-BF4B-00C04F79EFBC}") = "FileExplorer.Scripting", "FileExplorer.Scripting\FileExplorer.Scripting.csproj", "{ECABBC13-1922-4500-908B-CD865E91E4C5}"
EndProject
Project("{FAE04EC0-301F-11D3-BF4B-00C04F79EFBC}") = "FileExplorer.Scripting [WPF]", "FileExplorer.Scripting\FileExplorer.Scripting [WPF].csproj", "{45B4C0ED-A35E-4B0B-8C78-9A1D48F7527A}"
EndProject
Project("{FAE04EC0-301F-11D3-BF4B-00C04F79EFBC}") = "FileExplorer3 [WPF]", "FileExplorer3\FileExplorer3 [WPF].csproj", "{B876634C-850C-4678-A1A1-34F6FFEA6D52}"
EndProject
Project("{2150E333-8FDC-42A3-9474-1A3956D46DE8}") = "Portable Libraries (VSPro)", "Portable Libraries (VSPro)", "{0B0376D9-FC00-4CC8-AACA-5518762FE489}"
EndProject
Project("{2150E333-8FDC-42A3-9474-1A3956D46DE8}") = "WPFOnly Libraries (VSExpress)", "WPFOnly Libraries (VSExpress)", "{8BCD06D8-D2C0-4579-BD13-643E5738DC9B}"
EndProject
Project("{2150E333-8FDC-42A3-9474-1A3956D46DE8}") = "Test Projects", "Test Projects", "{D622EB0C-6628-47E5-AA41-7B14E121B64B}"
EndProject
Project("{FAE04EC0-301F-11D3-BF4B-00C04F79EFBC}") = "FileExplorer.UIEventHub", "FileExplorer.UIEventHub\FileExplorer.UIEventHub.csproj", "{528F0C1A-38B5-4A42-A8BD-702F052CDF2F}"
EndProject
Project("{FAE04EC0-301F-11D3-BF4B-00C04F79EFBC}") = "Test_UIScriptCommands", "Test_UIScriptCommands\Test_UIScriptCommands.csproj", "{307CCD51-5BB9-4601-9C46-7913834D1475}"
EndProject
Project("{FAE04EC0-301F-11D3-BF4B-00C04F79EFBC}") = "FileExplorer.WPF.Panels", "FileExplorer.WPF.Panels\FileExplorer.WPF.Panels.csproj", "{FEDDCF20-7C57-4A59-B101-CE927F01A6BD}"
EndProject
Global
	GlobalSection(SolutionConfigurationPlatforms) = preSolution
		Debug|Any CPU = Debug|Any CPU
		Debug|ARM = Debug|ARM
		Debug|x64 = Debug|x64
		Debug|x86 = Debug|x86
		Release|Any CPU = Release|Any CPU
		Release|ARM = Release|ARM
		Release|x64 = Release|x64
		Release|x86 = Release|x86
	EndGlobalSection
	GlobalSection(ProjectConfigurationPlatforms) = postSolution
		{BCBCAF38-714A-40E4-87EF-F6CF63DD62AA}.Debug|Any CPU.ActiveCfg = Debug|Any CPU
		{BCBCAF38-714A-40E4-87EF-F6CF63DD62AA}.Debug|Any CPU.Build.0 = Debug|Any CPU
		{BCBCAF38-714A-40E4-87EF-F6CF63DD62AA}.Debug|ARM.ActiveCfg = Debug|Any CPU
		{BCBCAF38-714A-40E4-87EF-F6CF63DD62AA}.Debug|x64.ActiveCfg = Debug|Any CPU
		{BCBCAF38-714A-40E4-87EF-F6CF63DD62AA}.Debug|x86.ActiveCfg = Debug|Any CPU
		{BCBCAF38-714A-40E4-87EF-F6CF63DD62AA}.Release|Any CPU.ActiveCfg = Release|Any CPU
		{BCBCAF38-714A-40E4-87EF-F6CF63DD62AA}.Release|Any CPU.Build.0 = Release|Any CPU
		{BCBCAF38-714A-40E4-87EF-F6CF63DD62AA}.Release|ARM.ActiveCfg = Release|Any CPU
		{BCBCAF38-714A-40E4-87EF-F6CF63DD62AA}.Release|x64.ActiveCfg = Release|Any CPU
		{BCBCAF38-714A-40E4-87EF-F6CF63DD62AA}.Release|x86.ActiveCfg = Release|Any CPU
		{78B3E601-2449-4600-AF48-94AC53FBEE22}.Debug|Any CPU.ActiveCfg = Debug|Any CPU
		{78B3E601-2449-4600-AF48-94AC53FBEE22}.Debug|Any CPU.Build.0 = Debug|Any CPU
		{78B3E601-2449-4600-AF48-94AC53FBEE22}.Debug|ARM.ActiveCfg = Debug|Any CPU
		{78B3E601-2449-4600-AF48-94AC53FBEE22}.Debug|x64.ActiveCfg = Debug|Any CPU
		{78B3E601-2449-4600-AF48-94AC53FBEE22}.Debug|x86.ActiveCfg = Debug|Any CPU
		{78B3E601-2449-4600-AF48-94AC53FBEE22}.Release|Any CPU.ActiveCfg = Release|Any CPU
		{78B3E601-2449-4600-AF48-94AC53FBEE22}.Release|Any CPU.Build.0 = Release|Any CPU
		{78B3E601-2449-4600-AF48-94AC53FBEE22}.Release|ARM.ActiveCfg = Release|Any CPU
		{78B3E601-2449-4600-AF48-94AC53FBEE22}.Release|x64.ActiveCfg = Release|Any CPU
		{78B3E601-2449-4600-AF48-94AC53FBEE22}.Release|x86.ActiveCfg = Release|Any CPU
		{BD72B62F-6BCF-43D0-AD6A-332DECFAE4ED}.Debug|Any CPU.ActiveCfg = Debug|Any CPU
		{BD72B62F-6BCF-43D0-AD6A-332DECFAE4ED}.Debug|Any CPU.Build.0 = Debug|Any CPU
		{BD72B62F-6BCF-43D0-AD6A-332DECFAE4ED}.Debug|ARM.ActiveCfg = Debug|Any CPU
		{BD72B62F-6BCF-43D0-AD6A-332DECFAE4ED}.Debug|x64.ActiveCfg = Debug|Any CPU
		{BD72B62F-6BCF-43D0-AD6A-332DECFAE4ED}.Debug|x86.ActiveCfg = Debug|Any CPU
		{BD72B62F-6BCF-43D0-AD6A-332DECFAE4ED}.Release|Any CPU.ActiveCfg = Release|Any CPU
		{BD72B62F-6BCF-43D0-AD6A-332DECFAE4ED}.Release|Any CPU.Build.0 = Release|Any CPU
		{BD72B62F-6BCF-43D0-AD6A-332DECFAE4ED}.Release|ARM.ActiveCfg = Release|Any CPU
		{BD72B62F-6BCF-43D0-AD6A-332DECFAE4ED}.Release|x64.ActiveCfg = Release|Any CPU
		{BD72B62F-6BCF-43D0-AD6A-332DECFAE4ED}.Release|x86.ActiveCfg = Release|Any CPU
		{A314B99E-4C36-490E-AFA4-6B2001602F30}.Debug|Any CPU.ActiveCfg = Debug|Any CPU
		{A314B99E-4C36-490E-AFA4-6B2001602F30}.Debug|Any CPU.Build.0 = Debug|Any CPU
		{A314B99E-4C36-490E-AFA4-6B2001602F30}.Debug|ARM.ActiveCfg = Debug|Any CPU
		{A314B99E-4C36-490E-AFA4-6B2001602F30}.Debug|x64.ActiveCfg = Debug|Any CPU
		{A314B99E-4C36-490E-AFA4-6B2001602F30}.Debug|x86.ActiveCfg = Debug|Any CPU
		{A314B99E-4C36-490E-AFA4-6B2001602F30}.Release|Any CPU.ActiveCfg = Release|Any CPU
		{A314B99E-4C36-490E-AFA4-6B2001602F30}.Release|Any CPU.Build.0 = Release|Any CPU
		{A314B99E-4C36-490E-AFA4-6B2001602F30}.Release|ARM.ActiveCfg = Release|Any CPU
		{A314B99E-4C36-490E-AFA4-6B2001602F30}.Release|x64.ActiveCfg = Release|Any CPU
		{A314B99E-4C36-490E-AFA4-6B2001602F30}.Release|x86.ActiveCfg = Release|Any CPU
		{AF3975B1-5F04-44FA-8A6E-2CD5A429C2B1}.Debug|Any CPU.ActiveCfg = Debug|Any CPU
		{AF3975B1-5F04-44FA-8A6E-2CD5A429C2B1}.Debug|Any CPU.Build.0 = Debug|Any CPU
		{AF3975B1-5F04-44FA-8A6E-2CD5A429C2B1}.Debug|ARM.ActiveCfg = Debug|Any CPU
		{AF3975B1-5F04-44FA-8A6E-2CD5A429C2B1}.Debug|x64.ActiveCfg = Debug|Any CPU
		{AF3975B1-5F04-44FA-8A6E-2CD5A429C2B1}.Debug|x86.ActiveCfg = Debug|Any CPU
		{AF3975B1-5F04-44FA-8A6E-2CD5A429C2B1}.Release|Any CPU.ActiveCfg = Release|Any CPU
		{AF3975B1-5F04-44FA-8A6E-2CD5A429C2B1}.Release|Any CPU.Build.0 = Release|Any CPU
		{AF3975B1-5F04-44FA-8A6E-2CD5A429C2B1}.Release|ARM.ActiveCfg = Release|Any CPU
		{AF3975B1-5F04-44FA-8A6E-2CD5A429C2B1}.Release|x64.ActiveCfg = Release|Any CPU
		{AF3975B1-5F04-44FA-8A6E-2CD5A429C2B1}.Release|x86.ActiveCfg = Release|Any CPU
		{9C1FBD8B-3C88-4BC0-B830-93F83A8685E9}.Debug|Any CPU.ActiveCfg = Debug|Any CPU
		{9C1FBD8B-3C88-4BC0-B830-93F83A8685E9}.Debug|Any CPU.Build.0 = Debug|Any CPU
		{9C1FBD8B-3C88-4BC0-B830-93F83A8685E9}.Debug|ARM.ActiveCfg = Debug|Any CPU
		{9C1FBD8B-3C88-4BC0-B830-93F83A8685E9}.Debug|x64.ActiveCfg = Debug|Any CPU
		{9C1FBD8B-3C88-4BC0-B830-93F83A8685E9}.Debug|x86.ActiveCfg = Debug|Any CPU
		{9C1FBD8B-3C88-4BC0-B830-93F83A8685E9}.Release|Any CPU.ActiveCfg = Release|Any CPU
		{9C1FBD8B-3C88-4BC0-B830-93F83A8685E9}.Release|Any CPU.Build.0 = Release|Any CPU
		{9C1FBD8B-3C88-4BC0-B830-93F83A8685E9}.Release|ARM.ActiveCfg = Release|Any CPU
		{9C1FBD8B-3C88-4BC0-B830-93F83A8685E9}.Release|x64.ActiveCfg = Release|Any CPU
		{9C1FBD8B-3C88-4BC0-B830-93F83A8685E9}.Release|x86.ActiveCfg = Release|Any CPU
		{ECABBC13-1922-4500-908B-CD865E91E4C5}.Debug|Any CPU.ActiveCfg = Debug|Any CPU
		{ECABBC13-1922-4500-908B-CD865E91E4C5}.Debug|Any CPU.Build.0 = Debug|Any CPU
		{ECABBC13-1922-4500-908B-CD865E91E4C5}.Debug|ARM.ActiveCfg = Debug|Any CPU
		{ECABBC13-1922-4500-908B-CD865E91E4C5}.Debug|x64.ActiveCfg = Debug|Any CPU
		{ECABBC13-1922-4500-908B-CD865E91E4C5}.Debug|x86.ActiveCfg = Debug|Any CPU
		{ECABBC13-1922-4500-908B-CD865E91E4C5}.Release|Any CPU.ActiveCfg = Release|Any CPU
		{ECABBC13-1922-4500-908B-CD865E91E4C5}.Release|Any CPU.Build.0 = Release|Any CPU
		{ECABBC13-1922-4500-908B-CD865E91E4C5}.Release|ARM.ActiveCfg = Release|Any CPU
		{ECABBC13-1922-4500-908B-CD865E91E4C5}.Release|x64.ActiveCfg = Release|Any CPU
		{ECABBC13-1922-4500-908B-CD865E91E4C5}.Release|x86.ActiveCfg = Release|Any CPU
		{45B4C0ED-A35E-4B0B-8C78-9A1D48F7527A}.Debug|Any CPU.ActiveCfg = Debug|Any CPU
		{45B4C0ED-A35E-4B0B-8C78-9A1D48F7527A}.Debug|Any CPU.Build.0 = Debug|Any CPU
		{45B4C0ED-A35E-4B0B-8C78-9A1D48F7527A}.Debug|ARM.ActiveCfg = Debug|Any CPU
		{45B4C0ED-A35E-4B0B-8C78-9A1D48F7527A}.Debug|x64.ActiveCfg = Debug|Any CPU
		{45B4C0ED-A35E-4B0B-8C78-9A1D48F7527A}.Debug|x86.ActiveCfg = Debug|Any CPU
		{45B4C0ED-A35E-4B0B-8C78-9A1D48F7527A}.Release|Any CPU.ActiveCfg = Release|Any CPU
		{45B4C0ED-A35E-4B0B-8C78-9A1D48F7527A}.Release|Any CPU.Build.0 = Release|Any CPU
		{45B4C0ED-A35E-4B0B-8C78-9A1D48F7527A}.Release|ARM.ActiveCfg = Release|Any CPU
		{45B4C0ED-A35E-4B0B-8C78-9A1D48F7527A}.Release|x64.ActiveCfg = Release|Any CPU
		{45B4C0ED-A35E-4B0B-8C78-9A1D48F7527A}.Release|x86.ActiveCfg = Release|Any CPU
		{B876634C-850C-4678-A1A1-34F6FFEA6D52}.Debug|Any CPU.ActiveCfg = Debug|Any CPU
		{B876634C-850C-4678-A1A1-34F6FFEA6D52}.Debug|Any CPU.Build.0 = Debug|Any CPU
		{B876634C-850C-4678-A1A1-34F6FFEA6D52}.Debug|ARM.ActiveCfg = Debug|Any CPU
		{B876634C-850C-4678-A1A1-34F6FFEA6D52}.Debug|x64.ActiveCfg = Debug|Any CPU
		{B876634C-850C-4678-A1A1-34F6FFEA6D52}.Debug|x86.ActiveCfg = Debug|Any CPU
		{B876634C-850C-4678-A1A1-34F6FFEA6D52}.Release|Any CPU.ActiveCfg = Release|Any CPU
		{B876634C-850C-4678-A1A1-34F6FFEA6D52}.Release|Any CPU.Build.0 = Release|Any CPU
		{B876634C-850C-4678-A1A1-34F6FFEA6D52}.Release|ARM.ActiveCfg = Release|Any CPU
		{B876634C-850C-4678-A1A1-34F6FFEA6D52}.Release|x64.ActiveCfg = Release|Any CPU
		{B876634C-850C-4678-A1A1-34F6FFEA6D52}.Release|x86.ActiveCfg = Release|Any CPU
		{528F0C1A-38B5-4A42-A8BD-702F052CDF2F}.Debug|Any CPU.ActiveCfg = Debug|Any CPU
		{528F0C1A-38B5-4A42-A8BD-702F052CDF2F}.Debug|Any CPU.Build.0 = Debug|Any CPU
		{528F0C1A-38B5-4A42-A8BD-702F052CDF2F}.Debug|ARM.ActiveCfg = Debug|Any CPU
		{528F0C1A-38B5-4A42-A8BD-702F052CDF2F}.Debug|x64.ActiveCfg = Debug|Any CPU
		{528F0C1A-38B5-4A42-A8BD-702F052CDF2F}.Debug|x86.ActiveCfg = Debug|Any CPU
		{528F0C1A-38B5-4A42-A8BD-702F052CDF2F}.Release|Any CPU.ActiveCfg = Release|Any CPU
		{528F0C1A-38B5-4A42-A8BD-702F052CDF2F}.Release|Any CPU.Build.0 = Release|Any CPU
		{528F0C1A-38B5-4A42-A8BD-702F052CDF2F}.Release|ARM.ActiveCfg = Release|Any CPU
		{528F0C1A-38B5-4A42-A8BD-702F052CDF2F}.Release|x64.ActiveCfg = Release|Any CPU
		{528F0C1A-38B5-4A42-A8BD-702F052CDF2F}.Release|x86.ActiveCfg = Release|Any CPU
		{307CCD51-5BB9-4601-9C46-7913834D1475}.Debug|Any CPU.ActiveCfg = Debug|Any CPU
		{307CCD51-5BB9-4601-9C46-7913834D1475}.Debug|Any CPU.Build.0 = Debug|Any CPU
		{307CCD51-5BB9-4601-9C46-7913834D1475}.Debug|ARM.ActiveCfg = Debug|Any CPU
		{307CCD51-5BB9-4601-9C46-7913834D1475}.Debug|x64.ActiveCfg = Debug|Any CPU
		{307CCD51-5BB9-4601-9C46-7913834D1475}.Debug|x86.ActiveCfg = Debug|Any CPU
		{307CCD51-5BB9-4601-9C46-7913834D1475}.Release|Any CPU.ActiveCfg = Release|Any CPU
		{307CCD51-5BB9-4601-9C46-7913834D1475}.Release|Any CPU.Build.0 = Release|Any CPU
		{307CCD51-5BB9-4601-9C46-7913834D1475}.Release|ARM.ActiveCfg = Release|Any CPU
		{307CCD51-5BB9-4601-9C46-7913834D1475}.Release|x64.ActiveCfg = Release|Any CPU
		{307CCD51-5BB9-4601-9C46-7913834D1475}.Release|x86.ActiveCfg = Release|Any CPU
		{FEDDCF20-7C57-4A59-B101-CE927F01A6BD}.Debug|Any CPU.ActiveCfg = Debug|Any CPU
		{FEDDCF20-7C57-4A59-B101-CE927F01A6BD}.Debug|Any CPU.Build.0 = Debug|Any CPU
		{FEDDCF20-7C57-4A59-B101-CE927F01A6BD}.Debug|ARM.ActiveCfg = Debug|Any CPU
		{FEDDCF20-7C57-4A59-B101-CE927F01A6BD}.Debug|x64.ActiveCfg = Debug|Any CPU
		{FEDDCF20-7C57-4A59-B101-CE927F01A6BD}.Debug|x86.ActiveCfg = Debug|Any CPU
		{FEDDCF20-7C57-4A59-B101-CE927F01A6BD}.Release|Any CPU.ActiveCfg = Release|Any CPU
		{FEDDCF20-7C57-4A59-B101-CE927F01A6BD}.Release|Any CPU.Build.0 = Release|Any CPU
		{FEDDCF20-7C57-4A59-B101-CE927F01A6BD}.Release|ARM.ActiveCfg = Release|Any CPU
		{FEDDCF20-7C57-4A59-B101-CE927F01A6BD}.Release|x64.ActiveCfg = Release|Any CPU
		{FEDDCF20-7C57-4A59-B101-CE927F01A6BD}.Release|x86.ActiveCfg = Release|Any CPU
	EndGlobalSection
	GlobalSection(SolutionProperties) = preSolution
		HideSolutionNode = FALSE
	EndGlobalSection
	GlobalSection(NestedProjects) = preSolution
		{BD72B62F-6BCF-43D0-AD6A-332DECFAE4ED} = {0B0376D9-FC00-4CC8-AACA-5518762FE489}
		{AF3975B1-5F04-44FA-8A6E-2CD5A429C2B1} = {D622EB0C-6628-47E5-AA41-7B14E121B64B}
		{9C1FBD8B-3C88-4BC0-B830-93F83A8685E9} = {D622EB0C-6628-47E5-AA41-7B14E121B64B}
		{ECABBC13-1922-4500-908B-CD865E91E4C5} = {0B0376D9-FC00-4CC8-AACA-5518762FE489}
		{45B4C0ED-A35E-4B0B-8C78-9A1D48F7527A} = {8BCD06D8-D2C0-4579-BD13-643E5738DC9B}
		{B876634C-850C-4678-A1A1-34F6FFEA6D52} = {8BCD06D8-D2C0-4579-BD13-643E5738DC9B}
		{307CCD51-5BB9-4601-9C46-7913834D1475} = {D622EB0C-6628-47E5-AA41-7B14E121B64B}
	EndGlobalSection
EndGlobal
